{
  "name": "adventofcode",
  "version": "1.0.0",
  "lockfileVersion": 3,
  "requires": true,
  "packages": {
    "": {
      "name": "adventofcode",
      "version": "1.0.0",
      "dependencies": {
        "promesa": "^0.1.1"
      }
    },
    "node_modules/bluebird": {
      "version": "0.11.6",
      "resolved": "https://registry.npmjs.org/bluebird/-/bluebird-0.11.6.tgz",
      "integrity": "sha512-D2BK+JQHCdOWV997usD5r0qVPazTz0bUhyPjlFqfMG7e/eUgVxMlD6T7iZ/6w/VeJFYZJpKACaEbJTZzGzAOwA==",
      "license": "MIT"
    },
    "node_modules/promesa": {
      "version": "0.1.1",
      "resolved": "https://registry.npmjs.org/promesa/-/promesa-0.1.1.tgz",
      "integrity": "sha512-QuHqnvUyCIG9+dGmY3m2kW1fWN4h8DGaQAQsW/bV/YpQav4Pqhn4unClqA4gGLl9kXBKinWjRWi4OCDa6cw4pA==",
      "license": "MIT",
      "dependencies": {
        "bluebird": "~0.11.5-0"
      }
    }
  }
}
